
Microsoft Visual Studio Solution File, Format Version 12.00
# Visual Studio Version 16
VisualStudioVersion = 16.0.34301.259
MinimumVisualStudioVersion = 10.0.40219.1
Project("{FAE04EC0-301F-11D3-BF4B-00C04F79EFBC}") = "WebApplicationLibrarySystem", "WebApplicationLibrarySystem\WebApplicationLibrarySystem.csproj", "{76776591-FC75-4236-94CA-90DB5A38FF31}"
EndProject
Project("{FAE04EC0-301F-11D3-BF4B-00C04F79EFBC}") = "Model", "Model\Model.csproj", "{BA595E59-3B72-42CA-B91B-D91E07F4547C}"
EndProject
Global
	GlobalSection(SolutionConfigurationPlatforms) = preSolution
		Debug|Any CPU = Debug|Any CPU
		Release|Any CPU = Release|Any CPU
	EndGlobalSection
	GlobalSection(ProjectConfigurationPlatforms) = postSolution
		{76776591-FC75-4236-94CA-90DB5A38FF31}.Debug|Any CPU.ActiveCfg = Debug|Any CPU
		{76776591-FC75-4236-94CA-90DB5A38FF31}.Debug|Any CPU.Build.0 = Debug|Any CPU
		{76776591-FC75-4236-94CA-90DB5A38FF31}.Release|Any CPU.ActiveCfg = Release|Any CPU
		{76776591-FC75-4236-94CA-90DB5A38FF31}.Release|Any CPU.Build.0 = Release|Any CPU
		{BA595E59-3B72-42CA-B91B-D91E07F4547C}.Debug|Any CPU.ActiveCfg = Debug|Any CPU
		{BA595E59-3B72-42CA-B91B-D91E07F4547C}.Debug|Any CPU.Build.0 = Debug|Any CPU
		{BA595E59-3B72-42CA-B91B-D91E07F4547C}.Release|Any CPU.ActiveCfg = Release|Any CPU
		{BA595E59-3B72-42CA-B91B-D91E07F4547C}.Release|Any CPU.Build.0 = Release|Any CPU
	EndGlobalSection
	GlobalSection(SolutionProperties) = preSolution
		HideSolutionNode = FALSE
	EndGlobalSection
	GlobalSection(ExtensibilityGlobals) = postSolution
		SolutionGuid = {3107382A-6214-4BD9-A77C-6C6F5E346EC2}
	EndGlobalSection
EndGlobal
