
Microsoft Visual Studio Solution File, Format Version 12.00
# Visual Studio Version 17
VisualStudioVersion = 17.4.33110.190
MinimumVisualStudioVersion = 10.0.40219.1
Project("{8BC9CEB8-8B4A-11D0-8D11-00A0C91BC942}") = "Task 1", "Task 1\Task 1.vcxproj", "{4DB8AE25-C4C7-43C8-8A6D-AAC08B1B9AA5}"
EndProject
Project("{8BC9CEB8-8B4A-11D0-8D11-00A0C91BC942}") = "Task 5", "Task 5\Task 5.vcxproj", "{A19FF90A-60B0-4AD5-B474-5A693DB06445}"
EndProject
Project("{8BC9CEB8-8B4A-11D0-8D11-00A0C91BC942}") = "Task 3 - Sum of Multiples", "Task 3 - Sum of Multiples\Task 3 - Sum of Multiples.vcxproj", "{47814342-13A4-4B2C-848B-E90C17917E96}"
EndProject
Project("{8BC9CEB8-8B4A-11D0-8D11-00A0C91BC942}") = "Task 2 - Sorter", "Task 2 - Sorter\Task 2 - Sorter.vcxproj", "{EB3CF32B-DB3E-4007-BFFA-C417E285E50A}"
EndProject
Global
	GlobalSection(SolutionConfigurationPlatforms) = preSolution
		Debug|x64 = Debug|x64
		Debug|x86 = Debug|x86
		Release|x64 = Release|x64
		Release|x86 = Release|x86
	EndGlobalSection
	GlobalSection(ProjectConfigurationPlatforms) = postSolution
		{4DB8AE25-C4C7-43C8-8A6D-AAC08B1B9AA5}.Debug|x64.ActiveCfg = Debug|x64
		{4DB8AE25-C4C7-43C8-8A6D-AAC08B1B9AA5}.Debug|x64.Build.0 = Debug|x64
		{4DB8AE25-C4C7-43C8-8A6D-AAC08B1B9AA5}.Debug|x86.ActiveCfg = Debug|Win32
		{4DB8AE25-C4C7-43C8-8A6D-AAC08B1B9AA5}.Debug|x86.Build.0 = Debug|Win32
		{4DB8AE25-C4C7-43C8-8A6D-AAC08B1B9AA5}.Release|x64.ActiveCfg = Release|x64
		{4DB8AE25-C4C7-43C8-8A6D-AAC08B1B9AA5}.Release|x64.Build.0 = Release|x64
		{4DB8AE25-C4C7-43C8-8A6D-AAC08B1B9AA5}.Release|x86.ActiveCfg = Release|Win32
		{4DB8AE25-C4C7-43C8-8A6D-AAC08B1B9AA5}.Release|x86.Build.0 = Release|Win32
		{A19FF90A-60B0-4AD5-B474-5A693DB06445}.Debug|x64.ActiveCfg = Debug|x64
		{A19FF90A-60B0-4AD5-B474-5A693DB06445}.Debug|x64.Build.0 = Debug|x64
		{A19FF90A-60B0-4AD5-B474-5A693DB06445}.Debug|x86.ActiveCfg = Debug|Win32
		{A19FF90A-60B0-4AD5-B474-5A693DB06445}.Debug|x86.Build.0 = Debug|Win32
		{A19FF90A-60B0-4AD5-B474-5A693DB06445}.Release|x64.ActiveCfg = Release|x64
		{A19FF90A-60B0-4AD5-B474-5A693DB06445}.Release|x64.Build.0 = Release|x64
		{A19FF90A-60B0-4AD5-B474-5A693DB06445}.Release|x86.ActiveCfg = Release|Win32
		{A19FF90A-60B0-4AD5-B474-5A693DB06445}.Release|x86.Build.0 = Release|Win32
		{47814342-13A4-4B2C-848B-E90C17917E96}.Debug|x64.ActiveCfg = Debug|x64
		{47814342-13A4-4B2C-848B-E90C17917E96}.Debug|x64.Build.0 = Debug|x64
		{47814342-13A4-4B2C-848B-E90C17917E96}.Debug|x86.ActiveCfg = Debug|Win32
		{47814342-13A4-4B2C-848B-E90C17917E96}.Debug|x86.Build.0 = Debug|Win32
		{47814342-13A4-4B2C-848B-E90C17917E96}.Release|x64.ActiveCfg = Release|x64
		{47814342-13A4-4B2C-848B-E90C17917E96}.Release|x64.Build.0 = Release|x64
		{47814342-13A4-4B2C-848B-E90C17917E96}.Release|x86.ActiveCfg = Release|Win32
		{47814342-13A4-4B2C-848B-E90C17917E96}.Release|x86.Build.0 = Release|Win32
		{EB3CF32B-DB3E-4007-BFFA-C417E285E50A}.Debug|x64.ActiveCfg = Debug|x64
		{EB3CF32B-DB3E-4007-BFFA-C417E285E50A}.Debug|x64.Build.0 = Debug|x64
		{EB3CF32B-DB3E-4007-BFFA-C417E285E50A}.Debug|x86.ActiveCfg = Debug|Win32
		{EB3CF32B-DB3E-4007-BFFA-C417E285E50A}.Debug|x86.Build.0 = Debug|Win32
		{EB3CF32B-DB3E-4007-BFFA-C417E285E50A}.Release|x64.ActiveCfg = Release|x64
		{EB3CF32B-DB3E-4007-BFFA-C417E285E50A}.Release|x64.Build.0 = Release|x64
		{EB3CF32B-DB3E-4007-BFFA-C417E285E50A}.Release|x86.ActiveCfg = Release|Win32
		{EB3CF32B-DB3E-4007-BFFA-C417E285E50A}.Release|x86.Build.0 = Release|Win32
	EndGlobalSection
	GlobalSection(SolutionProperties) = preSolution
		HideSolutionNode = FALSE
	EndGlobalSection
	GlobalSection(ExtensibilityGlobals) = postSolution
		SolutionGuid = {A0409B66-6281-4BDD-A57F-3F166522C6E0}
	EndGlobalSection
EndGlobal
