// !$*UTF8*$!
{
	archiveVersion = 1;
	classes = {
	};
	objectVersion = 56;
	objects = {

/* Begin PBXBuildFile section */
		AFFD69152C252F0900A45E39 /* AppDelegate.swift in Sources */ = {isa = PBXBuildFile; fileRef = AFFD69142C252F0900A45E39 /* AppDelegate.swift */; };
		AFFD69172C252F0900A45E39 /* SceneDelegate.swift in Sources */ = {isa = PBXBuildFile; fileRef = AFFD69162C252F0900A45E39 /* SceneDelegate.swift */; };
		AFFD691C2C252F0900A45E39 /* Base in Resources */ = {isa = PBXBuildFile; fileRef = AFFD691B2C252F0900A45E39 /* Base */; };
		AFFD691E2C252F0A00A45E39 /* Assets.xcassets in Resources */ = {isa = PBXBuildFile; fileRef = AFFD691D2C252F0A00A45E39 /* Assets.xcassets */; };
		AFFD69212C252F0A00A45E39 /* Base in Resources */ = {isa = PBXBuildFile; fileRef = AFFD69202C252F0A00A45E39 /* Base */; };
		AFFD69292C2536C600A45E39 /* YellowVC.swift in Sources */ = {isa = PBXBuildFile; fileRef = AFFD69282C2536C600A45E39 /* YellowVC.swift */; };
		AFFD692B2C25387700A45E39 /* MintVC.swift in Sources */ = {isa = PBXBuildFile; fileRef = AFFD692A2C25387700A45E39 /* MintVC.swift */; };
		AFFD692D2C253A6400A45E39 /* OrangeVC.swift in Sources */ = {isa = PBXBuildFile; fileRef = AFFD692C2C253A6400A45E39 /* OrangeVC.swift */; };
		AFFD692F2C2541C700A45E39 /* Contact.swift in Sources */ = {isa = PBXBuildFile; fileRef = AFFD692E2C2541C700A45E39 /* Contact.swift */; };
		AFFD69312C254B6400A45E39 /* RedVC.swift in Sources */ = {isa = PBXBuildFile; fileRef = AFFD69302C254B6400A45E39 /* RedVC.swift */; };
/* End PBXBuildFile section */

/* Begin PBXFileReference section */
		AFFD69112C252F0900A45E39 /* Storyboard.app */ = {isa = PBXFileReference; explicitFileType = wrapper.application; includeInIndex = 0; path = Storyboard.app; sourceTree = BUILT_PRODUCTS_DIR; };
		AFFD69142C252F0900A45E39 /* AppDelegate.swift */ = {isa = PBXFileReference; lastKnownFileType = sourcecode.swift; path = AppDelegate.swift; sourceTree = "<group>"; };
		AFFD69162C252F0900A45E39 /* SceneDelegate.swift */ = {isa = PBXFileReference; lastKnownFileType = sourcecode.swift; path = SceneDelegate.swift; sourceTree = "<group>"; };
		AFFD691B2C252F0900A45E39 /* Base */ = {isa = PBXFileReference; lastKnownFileType = file.storyboard; name = Base; path = Base.lproj/Main.storyboard; sourceTree = "<group>"; };
		AFFD691D2C252F0A00A45E39 /* Assets.xcassets */ = {isa = PBXFileReference; lastKnownFileType = folder.assetcatalog; path = Assets.xcassets; sourceTree = "<group>"; };
		AFFD69202C252F0A00A45E39 /* Base */ = {isa = PBXFileReference; lastKnownFileType = file.storyboard; name = Base; path = Base.lproj/LaunchScreen.storyboard; sourceTree = "<group>"; };
		AFFD69222C252F0A00A45E39 /* Info.plist */ = {isa = PBXFileReference; lastKnownFileType = text.plist.xml; path = Info.plist; sourceTree = "<group>"; };
		AFFD69282C2536C600A45E39 /* YellowVC.swift */ = {isa = PBXFileReference; lastKnownFileType = sourcecode.swift; path = YellowVC.swift; sourceTree = "<group>"; };
		AFFD692A2C25387700A45E39 /* MintVC.swift */ = {isa = PBXFileReference; lastKnownFileType = sourcecode.swift; path = MintVC.swift; sourceTree = "<group>"; };
		AFFD692C2C253A6400A45E39 /* OrangeVC.swift */ = {isa = PBXFileReference; lastKnownFileType = sourcecode.swift; path = OrangeVC.swift; sourceTree = "<group>"; };
		AFFD692E2C2541C700A45E39 /* Contact.swift */ = {isa = PBXFileReference; lastKnownFileType = sourcecode.swift; path = Contact.swift; sourceTree = "<group>"; };
		AFFD69302C254B6400A45E39 /* RedVC.swift */ = {isa = PBXFileReference; lastKnownFileType = sourcecode.swift; path = RedVC.swift; sourceTree = "<group>"; };
/* End PBXFileReference section */

/* Begin PBXFrameworksBuildPhase section */
		AFFD690E2C252F0900A45E39 /* Frameworks */ = {
			isa = PBXFrameworksBuildPhase;
			buildActionMask = 2147483647;
			files = (
			);
			runOnlyForDeploymentPostprocessing = 0;
		};
/* End PBXFrameworksBuildPhase section */

/* Begin PBXGroup section */
		AFFD69082C252F0900A45E39 = {
			isa = PBXGroup;
			children = (
				AFFD69132C252F0900A45E39 /* Storyboard */,
				AFFD69122C252F0900A45E39 /* Products */,
			);
			sourceTree = "<group>";
		};
		AFFD69122C252F0900A45E39 /* Products */ = {
			isa = PBXGroup;
			children = (
				AFFD69112C252F0900A45E39 /* Storyboard.app */,
			);
			name = Products;
			sourceTree = "<group>";
		};
		AFFD69132C252F0900A45E39 /* Storyboard */ = {
			isa = PBXGroup;
			children = (
				AFFD69142C252F0900A45E39 /* AppDelegate.swift */,
				AFFD69162C252F0900A45E39 /* SceneDelegate.swift */,
				AFFD691A2C252F0900A45E39 /* Main.storyboard */,
				AFFD692C2C253A6400A45E39 /* OrangeVC.swift */,
				AFFD692A2C25387700A45E39 /* MintVC.swift */,
				AFFD69282C2536C600A45E39 /* YellowVC.swift */,
				AFFD691D2C252F0A00A45E39 /* Assets.xcassets */,
				AFFD691F2C252F0A00A45E39 /* LaunchScreen.storyboard */,
				AFFD69222C252F0A00A45E39 /* Info.plist */,
				AFFD692E2C2541C700A45E39 /* Contact.swift */,
				AFFD69302C254B6400A45E39 /* RedVC.swift */,
			);
			path = Storyboard;
			sourceTree = "<group>";
		};
/* End PBXGroup section */

/* Begin PBXNativeTarget section */
		AFFD69102C252F0900A45E39 /* Storyboard */ = {
			isa = PBXNativeTarget;
			buildConfigurationList = AFFD69252C252F0A00A45E39 /* Build configuration list for PBXNativeTarget "Storyboard" */;
			buildPhases = (
				AFFD690D2C252F0900A45E39 /* Sources */,
				AFFD690E2C252F0900A45E39 /* Frameworks */,
				AFFD690F2C252F0900A45E39 /* Resources */,
			);
			buildRules = (
			);
			dependencies = (
			);
			name = Storyboard;
			productName = Storyboard;
			productReference = AFFD69112C252F0900A45E39 /* Storyboard.app */;
			productType = "com.apple.product-type.application";
		};
/* End PBXNativeTarget section */

/* Begin PBXProject section */
		AFFD69092C252F0900A45E39 /* Project object */ = {
			isa = PBXProject;
			attributes = {
				BuildIndependentTargetsInParallel = 1;
				LastSwiftUpdateCheck = 1540;
				LastUpgradeCheck = 1540;
				TargetAttributes = {
					AFFD69102C252F0900A45E39 = {
						CreatedOnToolsVersion = 15.4;
					};
				};
			};
			buildConfigurationList = AFFD690C2C252F0900A45E39 /* Build configuration list for PBXProject "Storyboard" */;
			compatibilityVersion = "Xcode 14.0";
			developmentRegion = en;
			hasScannedForEncodings = 0;
			knownRegions = (
				en,
				Base,
			);
			mainGroup = AFFD69082C252F0900A45E39;
			productRefGroup = AFFD69122C252F0900A45E39 /* Products */;
			projectDirPath = "";
			projectRoot = "";
			targets = (
				AFFD69102C252F0900A45E39 /* Storyboard */,
			);
		};
/* End PBXProject section */

/* Begin PBXResourcesBuildPhase section */
		AFFD690F2C252F0900A45E39 /* Resources */ = {
			isa = PBXResourcesBuildPhase;
			buildActionMask = 2147483647;
			files = (
				AFFD691E2C252F0A00A45E39 /* Assets.xcassets in Resources */,
				AFFD69212C252F0A00A45E39 /* Base in Resources */,
				AFFD691C2C252F0900A45E39 /* Base in Resources */,
			);
			runOnlyForDeploymentPostprocessing = 0;
		};
/* End PBXResourcesBuildPhase section */

/* Begin PBXSourcesBuildPhase section */
		AFFD690D2C252F0900A45E39 /* Sources */ = {
			isa = PBXSourcesBuildPhase;
			buildActionMask = 2147483647;
			files = (
				AFFD692F2C2541C700A45E39 /* Contact.swift in Sources */,
				AFFD692B2C25387700A45E39 /* MintVC.swift in Sources */,
				AFFD69152C252F0900A45E39 /* AppDelegate.swift in Sources */,
				AFFD692D2C253A6400A45E39 /* OrangeVC.swift in Sources */,
				AFFD69312C254B6400A45E39 /* RedVC.swift in Sources */,
				AFFD69172C252F0900A45E39 /* SceneDelegate.swift in Sources */,
				AFFD69292C2536C600A45E39 /* YellowVC.swift in Sources */,
			);
			runOnlyForDeploymentPostprocessing = 0;
		};
/* End PBXSourcesBuildPhase section */

/* Begin PBXVariantGroup section */
		AFFD691A2C252F0900A45E39 /* Main.storyboard */ = {
			isa = PBXVariantGroup;
			children = (
				AFFD691B2C252F0900A45E39 /* Base */,
			);
			name = Main.storyboard;
			sourceTree = "<group>";
		};
		AFFD691F2C252F0A00A45E39 /* LaunchScreen.storyboard */ = {
			isa = PBXVariantGroup;
			children = (
				AFFD69202C252F0A00A45E39 /* Base */,
			);
			name = LaunchScreen.storyboard;
			sourceTree = "<group>";
		};
/* End PBXVariantGroup section */

/* Begin XCBuildConfiguration section */
		AFFD69232C252F0A00A45E39 /* Debug */ = {
			isa = XCBuildConfiguration;
			buildSettings = {
				ALWAYS_SEARCH_USER_PATHS = NO;
				ASSETCATALOG_COMPILER_GENERATE_SWIFT_ASSET_SYMBOL_EXTENSIONS = YES;
				CLANG_ANALYZER_NONNULL = YES;
				CLANG_ANALYZER_NUMBER_OBJECT_CONVERSION = YES_AGGRESSIVE;
				CLANG_CXX_LANGUAGE_STANDARD = "gnu++20";
				CLANG_ENABLE_MODULES = YES;
				CLANG_ENABLE_OBJC_ARC = YES;
				CLANG_ENABLE_OBJC_WEAK = YES;
				CLANG_WARN_BLOCK_CAPTURE_AUTORELEASING = YES;
				CLANG_WARN_BOOL_CONVERSION = YES;
				CLANG_WARN_COMMA = YES;
				CLANG_WARN_CONSTANT_CONVERSION = YES;
				CLANG_WARN_DEPRECATED_OBJC_IMPLEMENTATIONS = YES;
				CLANG_WARN_DIRECT_OBJC_ISA_USAGE = YES_ERROR;
				CLANG_WARN_DOCUMENTATION_COMMENTS = YES;
				CLANG_WARN_EMPTY_BODY = YES;
				CLANG_WARN_ENUM_CONVERSION = YES;
				CLANG_WARN_INFINITE_RECURSION = YES;
				CLANG_WARN_INT_CONVERSION = YES;
				CLANG_WARN_NON_LITERAL_NULL_CONVERSION = YES;
				CLANG_WARN_OBJC_IMPLICIT_RETAIN_SELF = YES;
				CLANG_WARN_OBJC_LITERAL_CONVERSION = YES;
				CLANG_WARN_OBJC_ROOT_CLASS = YES_ERROR;
				CLANG_WARN_QUOTED_INCLUDE_IN_FRAMEWORK_HEADER = YES;
				CLANG_WARN_RANGE_LOOP_ANALYSIS = YES;
				CLANG_WARN_STRICT_PROTOTYPES = YES;
				CLANG_WARN_SUSPICIOUS_MOVE = YES;
				CLANG_WARN_UNGUARDED_AVAILABILITY = YES_AGGRESSIVE;
				CLANG_WARN_UNREACHABLE_CODE = YES;
				CLANG_WARN__DUPLICATE_METHOD_MATCH = YES;
				COPY_PHASE_STRIP = NO;
				DEBUG_INFORMATION_FORMAT = dwarf;
				ENABLE_STRICT_OBJC_MSGSEND = YES;
				ENABLE_TESTABILITY = YES;
				ENABLE_USER_SCRIPT_SANDBOXING = YES;
				GCC_C_LANGUAGE_STANDARD = gnu17;
				GCC_DYNAMIC_NO_PIC = NO;
				GCC_NO_COMMON_BLOCKS = YES;
				GCC_OPTIMIZATION_LEVEL = 0;
				GCC_PREPROCESSOR_DEFINITIONS = (
					"DEBUG=1",
					"$(inherited)",
				);
				GCC_WARN_64_TO_32_BIT_CONVERSION = YES;
				GCC_WARN_ABOUT_RETURN_TYPE = YES_ERROR;
				GCC_WARN_UNDECLARED_SELECTOR = YES;
				GCC_WARN_UNINITIALIZED_AUTOS = YES_AGGRESSIVE;
				GCC_WARN_UNUSED_FUNCTION = YES;
				GCC_WARN_UNUSED_VARIABLE = YES;
				IPHONEOS_DEPLOYMENT_TARGET = 17.5;
				LOCALIZATION_PREFERS_STRING_CATALOGS = YES;
				MTL_ENABLE_DEBUG_INFO = INCLUDE_SOURCE;
				MTL_FAST_MATH = YES;
				ONLY_ACTIVE_ARCH = YES;
				SDKROOT = iphoneos;
				SWIFT_ACTIVE_COMPILATION_CONDITIONS = "DEBUG $(inherited)";
				SWIFT_OPTIMIZATION_LEVEL = "-Onone";
			};
			name = Debug;
		};
		AFFD69242C252F0A00A45E39 /* Release */ = {
			isa = XCBuildConfiguration;
			buildSettings = {
				ALWAYS_SEARCH_USER_PATHS = NO;
				ASSETCATALOG_COMPILER_GENERATE_SWIFT_ASSET_SYMBOL_EXTENSIONS = YES;
				CLANG_ANALYZER_NONNULL = YES;
				CLANG_ANALYZER_NUMBER_OBJECT_CONVERSION = YES_AGGRESSIVE;
				CLANG_CXX_LANGUAGE_STANDARD = "gnu++20";
				CLANG_ENABLE_MODULES = YES;
				CLANG_ENABLE_OBJC_ARC = YES;
				CLANG_ENABLE_OBJC_WEAK = YES;
				CLANG_WARN_BLOCK_CAPTURE_AUTORELEASING = YES;
				CLANG_WARN_BOOL_CONVERSION = YES;
				CLANG_WARN_COMMA = YES;
				CLANG_WARN_CONSTANT_CONVERSION = YES;
				CLANG_WARN_DEPRECATED_OBJC_IMPLEMENTATIONS = YES;
				CLANG_WARN_DIRECT_OBJC_ISA_USAGE = YES_ERROR;
				CLANG_WARN_DOCUMENTATION_COMMENTS = YES;
				CLANG_WARN_EMPTY_BODY = YES;
				CLANG_WARN_ENUM_CONVERSION = YES;
				CLANG_WARN_INFINITE_RECURSION = YES;
				CLANG_WARN_INT_CONVERSION = YES;
				CLANG_WARN_NON_LITERAL_NULL_CONVERSION = YES;
				CLANG_WARN_OBJC_IMPLICIT_RETAIN_SELF = YES;
				CLANG_WARN_OBJC_LITERAL_CONVERSION = YES;
				CLANG_WARN_OBJC_ROOT_CLASS = YES_ERROR;
				CLANG_WARN_QUOTED_INCLUDE_IN_FRAMEWORK_HEADER = YES;
				CLANG_WARN_RANGE_LOOP_ANALYSIS = YES;
				CLANG_WARN_STRICT_PROTOTYPES = YES;
				CLANG_WARN_SUSPICIOUS_MOVE = YES;
				CLANG_WARN_UNGUARDED_AVAILABILITY = YES_AGGRESSIVE;
				CLANG_WARN_UNREACHABLE_CODE = YES;
				CLANG_WARN__DUPLICATE_METHOD_MATCH = YES;
				COPY_PHASE_STRIP = NO;
				DEBUG_INFORMATION_FORMAT = "dwarf-with-dsym";
				ENABLE_NS_ASSERTIONS = NO;
				ENABLE_STRICT_OBJC_MSGSEND = YES;
				ENABLE_USER_SCRIPT_SANDBOXING = YES;
				GCC_C_LANGUAGE_STANDARD = gnu17;
				GCC_NO_COMMON_BLOCKS = YES;
				GCC_WARN_64_TO_32_BIT_CONVERSION = YES;
				GCC_WARN_ABOUT_RETURN_TYPE = YES_ERROR;
				GCC_WARN_UNDECLARED_SELECTOR = YES;
				GCC_WARN_UNINITIALIZED_AUTOS = YES_AGGRESSIVE;
				GCC_WARN_UNUSED_FUNCTION = YES;
				GCC_WARN_UNUSED_VARIABLE = YES;
				IPHONEOS_DEPLOYMENT_TARGET = 17.5;
				LOCALIZATION_PREFERS_STRING_CATALOGS = YES;
				MTL_ENABLE_DEBUG_INFO = NO;
				MTL_FAST_MATH = YES;
				SDKROOT = iphoneos;
				SWIFT_COMPILATION_MODE = wholemodule;
				VALIDATE_PRODUCT = YES;
			};
			name = Release;
		};
		AFFD69262C252F0A00A45E39 /* Debug */ = {
			isa = XCBuildConfiguration;
			buildSettings = {
				ASSETCATALOG_COMPILER_APPICON_NAME = AppIcon;
				ASSETCATALOG_COMPILER_GLOBAL_ACCENT_COLOR_NAME = AccentColor;
				CODE_SIGN_STYLE = Automatic;
				CURRENT_PROJECT_VERSION = 1;
				GENERATE_INFOPLIST_FILE = YES;
				INFOPLIST_FILE = Storyboard/Info.plist;
				INFOPLIST_KEY_UIApplicationSupportsIndirectInputEvents = YES;
				INFOPLIST_KEY_UILaunchStoryboardName = LaunchScreen;
				INFOPLIST_KEY_UIMainStoryboardFile = Main;
				INFOPLIST_KEY_UISupportedInterfaceOrientations_iPad = "UIInterfaceOrientationPortrait UIInterfaceOrientationPortraitUpsideDown UIInterfaceOrientationLandscapeLeft UIInterfaceOrientationLandscapeRight";
				INFOPLIST_KEY_UISupportedInterfaceOrientations_iPhone = "UIInterfaceOrientationPortrait UIInterfaceOrientationLandscapeLeft UIInterfaceOrientationLandscapeRight";
				LD_RUNPATH_SEARCH_PATHS = (
					"$(inherited)",
					"@executable_path/Frameworks",
				);
				MARKETING_VERSION = 1.0;
				PRODUCT_BUNDLE_IDENTIFIER = com.company.Storyboard;
				PRODUCT_NAME = "$(TARGET_NAME)";
				SWIFT_EMIT_LOC_STRINGS = YES;
				SWIFT_VERSION = 5.0;
				TARGETED_DEVICE_FAMILY = "1,2";
			};
			name = Debug;
		};
		AFFD69272C252F0A00A45E39 /* Release */ = {
			isa = XCBuildConfiguration;
			buildSettings = {
				ASSETCATALOG_COMPILER_APPICON_NAME = AppIcon;
				ASSETCATALOG_COMPILER_GLOBAL_ACCENT_COLOR_NAME = AccentColor;
				CODE_SIGN_STYLE = Automatic;
				CURRENT_PROJECT_VERSION = 1;
				GENERATE_INFOPLIST_FILE = YES;
				INFOPLIST_FILE = Storyboard/Info.plist;
				INFOPLIST_KEY_UIApplicationSupportsIndirectInputEvents = YES;
				INFOPLIST_KEY_UILaunchStoryboardName = LaunchScreen;
				INFOPLIST_KEY_UIMainStoryboardFile = Main;
				INFOPLIST_KEY_UISupportedInterfaceOrientations_iPad = "UIInterfaceOrientationPortrait UIInterfaceOrientationPortraitUpsideDown UIInterfaceOrientationLandscapeLeft UIInterfaceOrientationLandscapeRight";
				INFOPLIST_KEY_UISupportedInterfaceOrientations_iPhone = "UIInterfaceOrientationPortrait UIInterfaceOrientationLandscapeLeft UIInterfaceOrientationLandscapeRight";
				LD_RUNPATH_SEARCH_PATHS = (
					"$(inherited)",
					"@executable_path/Frameworks",
				);
				MARKETING_VERSION = 1.0;
				PRODUCT_BUNDLE_IDENTIFIER = com.company.Storyboard;
				PRODUCT_NAME = "$(TARGET_NAME)";
				SWIFT_EMIT_LOC_STRINGS = YES;
				SWIFT_VERSION = 5.0;
				TARGETED_DEVICE_FAMILY = "1,2";
			};
			name = Release;
		};
/* End XCBuildConfiguration section */

/* Begin XCConfigurationList section */
		AFFD690C2C252F0900A45E39 /* Build configuration list for PBXProject "Storyboard" */ = {
			isa = XCConfigurationList;
			buildConfigurations = (
				AFFD69232C252F0A00A45E39 /* Debug */,
				AFFD69242C252F0A00A45E39 /* Release */,
			);
			defaultConfigurationIsVisible = 0;
			defaultConfigurationName = Release;
		};
		AFFD69252C252F0A00A45E39 /* Build configuration list for PBXNativeTarget "Storyboard" */ = {
			isa = XCConfigurationList;
			buildConfigurations = (
				AFFD69262C252F0A00A45E39 /* Debug */,
				AFFD69272C252F0A00A45E39 /* Release */,
			);
			defaultConfigurationIsVisible = 0;
			defaultConfigurationName = Release;
		};
/* End XCConfigurationList section */
	};
	rootObject = AFFD69092C252F0900A45E39 /* Project object */;
}
